
Microsoft Visual Studio Solution File, Format Version 12.00
# Visual Studio Version 17
VisualStudioVersion = 17.11.35312.102
MinimumVisualStudioVersion = 10.0.40219.1
Project("{FAE04EC0-301F-11D3-BF4B-00C04F79EFBC}") = "BibliotecaMdi", "BibliotecaMdi.csproj", "{A2A6F98E-0206-432C-A666-3383ABFB6C7C}"
EndProject
Global
	GlobalSection(SolutionConfigurationPlatforms) = preSolution
		Debug|Any CPU = Debug|Any CPU
		Release|Any CPU = Release|Any CPU
	EndGlobalSection
	GlobalSection(ProjectConfigurationPlatforms) = postSolution
		{A2A6F98E-0206-432C-A666-3383ABFB6C7C}.Debug|Any CPU.ActiveCfg = Debug|Any CPU
		{A2A6F98E-0206-432C-A666-3383ABFB6C7C}.Debug|Any CPU.Build.0 = Debug|Any CPU
		{A2A6F98E-0206-432C-A666-3383ABFB6C7C}.Release|Any CPU.ActiveCfg = Release|Any CPU
		{A2A6F98E-0206-432C-A666-3383ABFB6C7C}.Release|Any CPU.Build.0 = Release|Any CPU
	EndGlobalSection
	GlobalSection(SolutionProperties) = preSolution
		HideSolutionNode = FALSE
	EndGlobalSection
	GlobalSection(ExtensibilityGlobals) = postSolution
		SolutionGuid = {C79EEF21-B2C0-46B4-A42F-4289C3191DEB}
	EndGlobalSection
EndGlobal
